// !$*UTF8*$!
{
	archiveVersion = 1;
	classes = {
	};
	objectVersion = 50;
	objects = {

/* Begin PBXBuildFile section */
		6C2BBC1D22D5EFBE00908EFC /* AppDelegate.swift in Sources */ = {isa = PBXBuildFile; fileRef = 6C2BBC1C22D5EFBE00908EFC /* AppDelegate.swift */; };
		6C2BBC1F22D5EFBE00908EFC /* ViewController.swift in Sources */ = {isa = PBXBuildFile; fileRef = 6C2BBC1E22D5EFBE00908EFC /* ViewController.swift */; };
		6C2BBC2222D5EFBE00908EFC /* Main.storyboard in Resources */ = {isa = PBXBuildFile; fileRef = 6C2BBC2022D5EFBE00908EFC /* Main.storyboard */; };
		6C2BBC2422D5EFBF00908EFC /* Assets.xcassets in Resources */ = {isa = PBXBuildFile; fileRef = 6C2BBC2322D5EFBF00908EFC /* Assets.xcassets */; };
		6C2BBC2722D5EFBF00908EFC /* LaunchScreen.storyboard in Resources */ = {isa = PBXBuildFile; fileRef = 6C2BBC2522D5EFBF00908EFC /* LaunchScreen.storyboard */; };
		6C2BBC3322D6D89800908EFC /* jxlambot@2x.png in Resources */ = {isa = PBXBuildFile; fileRef = 6C2BBC2F22D6D89700908EFC /* jxlambot@2x.png */; };
		6C2BBC3422D6D89800908EFC /* lambot@2x.png in Resources */ = {isa = PBXBuildFile; fileRef = 6C2BBC3022D6D89700908EFC /* lambot@2x.png */; };
		6C2BBC3522D6D89800908EFC /* lambot@3x.png in Resources */ = {isa = PBXBuildFile; fileRef = 6C2BBC3122D6D89700908EFC /* lambot@3x.png */; };
		6C2BBC3622D6D89800908EFC /* jxlambot@3x.png in Resources */ = {isa = PBXBuildFile; fileRef = 6C2BBC3222D6D89700908EFC /* jxlambot@3x.png */; };
/* End PBXBuildFile section */

/* Begin PBXFileReference section */
		6C2BBC1922D5EFBE00908EFC /* ChangeIcon.app */ = {isa = PBXFileReference; explicitFileType = wrapper.application; includeInIndex = 0; path = ChangeIcon.app; sourceTree = BUILT_PRODUCTS_DIR; };
		6C2BBC1C22D5EFBE00908EFC /* AppDelegate.swift */ = {isa = PBXFileReference; lastKnownFileType = sourcecode.swift; path = AppDelegate.swift; sourceTree = "<group>"; };
		6C2BBC1E22D5EFBE00908EFC /* ViewController.swift */ = {isa = PBXFileReference; lastKnownFileType = sourcecode.swift; path = ViewController.swift; sourceTree = "<group>"; };
		6C2BBC2122D5EFBE00908EFC /* Base */ = {isa = PBXFileReference; lastKnownFileType = file.storyboard; name = Base; path = Base.lproj/Main.storyboard; sourceTree = "<group>"; };
		6C2BBC2322D5EFBF00908EFC /* Assets.xcassets */ = {isa = PBXFileReference; lastKnownFileType = folder.assetcatalog; path = Assets.xcassets; sourceTree = "<group>"; };
		6C2BBC2622D5EFBF00908EFC /* Base */ = {isa = PBXFileReference; lastKnownFileType = file.storyboard; name = Base; path = Base.lproj/LaunchScreen.storyboard; sourceTree = "<group>"; };
		6C2BBC2822D5EFBF00908EFC /* Info.plist */ = {isa = PBXFileReference; lastKnownFileType = text.plist.xml; path = Info.plist; sourceTree = "<group>"; };
		6C2BBC2F22D6D89700908EFC /* jxlambot@2x.png */ = {isa = PBXFileReference; lastKnownFileType = image.png; path = "jxlambot@2x.png"; sourceTree = "<group>"; };
		6C2BBC3022D6D89700908EFC /* lambot@2x.png */ = {isa = PBXFileReference; lastKnownFileType = image.png; path = "lambot@2x.png"; sourceTree = "<group>"; };
		6C2BBC3122D6D89700908EFC /* lambot@3x.png */ = {isa = PBXFileReference; lastKnownFileType = image.png; path = "lambot@3x.png"; sourceTree = "<group>"; };
		6C2BBC3222D6D89700908EFC /* jxlambot@3x.png */ = {isa = PBXFileReference; lastKnownFileType = image.png; path = "jxlambot@3x.png"; sourceTree = "<group>"; };
/* End PBXFileReference section */

/* Begin PBXFrameworksBuildPhase section */
		6C2BBC1622D5EFBE00908EFC /* Frameworks */ = {
			isa = PBXFrameworksBuildPhase;
			buildActionMask = 2147483647;
			files = (
			);
			runOnlyForDeploymentPostprocessing = 0;
		};
/* End PBXFrameworksBuildPhase section */

/* Begin PBXGroup section */
		6C2BBC1022D5EFBE00908EFC = {
			isa = PBXGroup;
			children = (
				6C2BBC1B22D5EFBE00908EFC /* ChangeIcon */,
				6C2BBC1A22D5EFBE00908EFC /* Products */,
			);
			sourceTree = "<group>";
		};
		6C2BBC1A22D5EFBE00908EFC /* Products */ = {
			isa = PBXGroup;
			children = (
				6C2BBC1922D5EFBE00908EFC /* ChangeIcon.app */,
			);
			name = Products;
			sourceTree = "<group>";
		};
		6C2BBC1B22D5EFBE00908EFC /* ChangeIcon */ = {
			isa = PBXGroup;
			children = (
				6C2BBC1C22D5EFBE00908EFC /* AppDelegate.swift */,
				6C2BBC1E22D5EFBE00908EFC /* ViewController.swift */,
				6C2BBC2E22D6D7EE00908EFC /* Icons */,
				6C2BBC2022D5EFBE00908EFC /* Main.storyboard */,
				6C2BBC2322D5EFBF00908EFC /* Assets.xcassets */,
				6C2BBC2522D5EFBF00908EFC /* LaunchScreen.storyboard */,
				6C2BBC2822D5EFBF00908EFC /* Info.plist */,
			);
			path = ChangeIcon;
			sourceTree = "<group>";
		};
		6C2BBC2E22D6D7EE00908EFC /* Icons */ = {
			isa = PBXGroup;
			children = (
				6C2BBC2F22D6D89700908EFC /* jxlambot@2x.png */,
				6C2BBC3222D6D89700908EFC /* jxlambot@3x.png */,
				6C2BBC3022D6D89700908EFC /* lambot@2x.png */,
				6C2BBC3122D6D89700908EFC /* lambot@3x.png */,
			);
			path = Icons;
			sourceTree = "<group>";
		};
/* End PBXGroup section */

/* Begin PBXNativeTarget section */
		6C2BBC1822D5EFBE00908EFC /* ChangeIcon */ = {
			isa = PBXNativeTarget;
			buildConfigurationList = 6C2BBC2B22D5EFBF00908EFC /* Build configuration list for PBXNativeTarget "ChangeIcon" */;
			buildPhases = (
				6C2BBC1522D5EFBE00908EFC /* Sources */,
				6C2BBC1622D5EFBE00908EFC /* Frameworks */,
				6C2BBC1722D5EFBE00908EFC /* Resources */,
			);
			buildRules = (
			);
			dependencies = (
			);
			name = ChangeIcon;
			productName = ChangeIcon;
			productReference = 6C2BBC1922D5EFBE00908EFC /* ChangeIcon.app */;
			productType = "com.apple.product-type.application";
		};
/* End PBXNativeTarget section */

/* Begin PBXProject section */
		6C2BBC1122D5EFBE00908EFC /* Project object */ = {
			isa = PBXProject;
			attributes = {
				LastSwiftUpdateCheck = 1020;
				LastUpgradeCheck = 1020;
				ORGANIZATIONNAME = "江涛";
				TargetAttributes = {
					6C2BBC1822D5EFBE00908EFC = {
						CreatedOnToolsVersion = 10.2.1;
					};
				};
			};
			buildConfigurationList = 6C2BBC1422D5EFBE00908EFC /* Build configuration list for PBXProject "ChangeIcon" */;
			compatibilityVersion = "Xcode 9.3";
			developmentRegion = en;
			hasScannedForEncodings = 0;
			knownRegions = (
				en,
				Base,
			);
			mainGroup = 6C2BBC1022D5EFBE00908EFC;
			productRefGroup = 6C2BBC1A22D5EFBE00908EFC /* Products */;
			projectDirPath = "";
			projectRoot = "";
			targets = (
				6C2BBC1822D5EFBE00908EFC /* ChangeIcon */,
			);
		};
/* End PBXProject section */

/* Begin PBXResourcesBuildPhase section */
		6C2BBC1722D5EFBE00908EFC /* Resources */ = {
			isa = PBXResourcesBuildPhase;
			buildActionMask = 2147483647;
			files = (
				6C2BBC3422D6D89800908EFC /* lambot@2x.png in Resources */,
				6C2BBC2722D5EFBF00908EFC /* LaunchScreen.storyboard in Resources */,
				6C2BBC3522D6D89800908EFC /* lambot@3x.png in Resources */,
				6C2BBC2422D5EFBF00908EFC /* Assets.xcassets in Resources */,
				6C2BBC2222D5EFBE00908EFC /* Main.storyboard in Resources */,
				6C2BBC3622D6D89800908EFC /* jxlambot@3x.png in Resources */,
				6C2BBC3322D6D89800908EFC /* jxlambot@2x.png in Resources */,
			);
			runOnlyForDeploymentPostprocessing = 0;
		};
/* End PBXResourcesBuildPhase section */

/* Begin PBXSourcesBuildPhase section */
		6C2BBC1522D5EFBE00908EFC /* Sources */ = {
			isa = PBXSourcesBuildPhase;
			buildActionMask = 2147483647;
			files = (
				6C2BBC1F22D5EFBE00908EFC /* ViewController.swift in Sources */,
				6C2BBC1D22D5EFBE00908EFC /* AppDelegate.swift in Sources */,
			);
			runOnlyForDeploymentPostprocessing = 0;
		};
/* End PBXSourcesBuildPhase section */

/* Begin PBXVariantGroup section */
		6C2BBC2022D5EFBE00908EFC /* Main.storyboard */ = {
			isa = PBXVariantGroup;
			children = (
				6C2BBC2122D5EFBE00908EFC /* Base */,
			);
			name = Main.storyboard;
			sourceTree = "<group>";
		};
		6C2BBC2522D5EFBF00908EFC /* LaunchScreen.storyboard */ = {
			isa = PBXVariantGroup;
			children = (
				6C2BBC2622D5EFBF00908EFC /* Base */,
			);
			name = LaunchScreen.storyboard;
			sourceTree = "<group>";
		};
/* End PBXVariantGroup section */

/* Begin XCBuildConfiguration section */
		6C2BBC2922D5EFBF00908EFC /* Debug */ = {
			isa = XCBuildConfiguration;
			buildSettings = {
				ALWAYS_SEARCH_USER_PATHS = NO;
				CLANG_ANALYZER_NONNULL = YES;
				CLANG_ANALYZER_NUMBER_OBJECT_CONVERSION = YES_AGGRESSIVE;
				CLANG_CXX_LANGUAGE_STANDARD = "gnu++14";
				CLANG_CXX_LIBRARY = "libc++";
				CLANG_ENABLE_MODULES = YES;
				CLANG_ENABLE_OBJC_ARC = YES;
				CLANG_ENABLE_OBJC_WEAK = YES;
				CLANG_WARN_BLOCK_CAPTURE_AUTORELEASING = YES;
				CLANG_WARN_BOOL_CONVERSION = YES;
				CLANG_WARN_COMMA = YES;
				CLANG_WARN_CONSTANT_CONVERSION = YES;
				CLANG_WARN_DEPRECATED_OBJC_IMPLEMENTATIONS = YES;
				CLANG_WARN_DIRECT_OBJC_ISA_USAGE = YES_ERROR;
				CLANG_WARN_DOCUMENTATION_COMMENTS = YES;
				CLANG_WARN_EMPTY_BODY = YES;
				CLANG_WARN_ENUM_CONVERSION = YES;
				CLANG_WARN_INFINITE_RECURSION = YES;
				CLANG_WARN_INT_CONVERSION = YES;
				CLANG_WARN_NON_LITERAL_NULL_CONVERSION = YES;
				CLANG_WARN_OBJC_IMPLICIT_RETAIN_SELF = YES;
				CLANG_WARN_OBJC_LITERAL_CONVERSION = YES;
				CLANG_WARN_OBJC_ROOT_CLASS = YES_ERROR;
				CLANG_WARN_RANGE_LOOP_ANALYSIS = YES;
				CLANG_WARN_STRICT_PROTOTYPES = YES;
				CLANG_WARN_SUSPICIOUS_MOVE = YES;
				CLANG_WARN_UNGUARDED_AVAILABILITY = YES_AGGRESSIVE;
				CLANG_WARN_UNREACHABLE_CODE = YES;
				CLANG_WARN__DUPLICATE_METHOD_MATCH = YES;
				CODE_SIGN_IDENTITY = "iPhone Developer";
				COPY_PHASE_STRIP = NO;
				DEBUG_INFORMATION_FORMAT = dwarf;
				ENABLE_STRICT_OBJC_MSGSEND = YES;
				ENABLE_TESTABILITY = YES;
				GCC_C_LANGUAGE_STANDARD = gnu11;
				GCC_DYNAMIC_NO_PIC = NO;
				GCC_NO_COMMON_BLOCKS = YES;
				GCC_OPTIMIZATION_LEVEL = 0;
				GCC_PREPROCESSOR_DEFINITIONS = (
					"DEBUG=1",
					"$(inherited)",
				);
				GCC_WARN_64_TO_32_BIT_CONVERSION = YES;
				GCC_WARN_ABOUT_RETURN_TYPE = YES_ERROR;
				GCC_WARN_UNDECLARED_SELECTOR = YES;
				GCC_WARN_UNINITIALIZED_AUTOS = YES_AGGRESSIVE;
				GCC_WARN_UNUSED_FUNCTION = YES;
				GCC_WARN_UNUSED_VARIABLE = YES;
				IPHONEOS_DEPLOYMENT_TARGET = 12.2;
				MTL_ENABLE_DEBUG_INFO = INCLUDE_SOURCE;
				MTL_FAST_MATH = YES;
				ONLY_ACTIVE_ARCH = YES;
				SDKROOT = iphoneos;
				SWIFT_ACTIVE_COMPILATION_CONDITIONS = DEBUG;
				SWIFT_OPTIMIZATION_LEVEL = "-Onone";
			};
			name = Debug;
		};
		6C2BBC2A22D5EFBF00908EFC /* Release */ = {
			isa = XCBuildConfiguration;
			buildSettings = {
				ALWAYS_SEARCH_USER_PATHS = NO;
				CLANG_ANALYZER_NONNULL = YES;
				CLANG_ANALYZER_NUMBER_OBJECT_CONVERSION = YES_AGGRESSIVE;
				CLANG_CXX_LANGUAGE_STANDARD = "gnu++14";
				CLANG_CXX_LIBRARY = "libc++";
				CLANG_ENABLE_MODULES = YES;
				CLANG_ENABLE_OBJC_ARC = YES;
				CLANG_ENABLE_OBJC_WEAK = YES;
				CLANG_WARN_BLOCK_CAPTURE_AUTORELEASING = YES;
				CLANG_WARN_BOOL_CONVERSION = YES;
				CLANG_WARN_COMMA = YES;
				CLANG_WARN_CONSTANT_CONVERSION = YES;
				CLANG_WARN_DEPRECATED_OBJC_IMPLEMENTATIONS = YES;
				CLANG_WARN_DIRECT_OBJC_ISA_USAGE = YES_ERROR;
				CLANG_WARN_DOCUMENTATION_COMMENTS = YES;
				CLANG_WARN_EMPTY_BODY = YES;
				CLANG_WARN_ENUM_CONVERSION = YES;
				CLANG_WARN_INFINITE_RECURSION = YES;
				CLANG_WARN_INT_CONVERSION = YES;
				CLANG_WARN_NON_LITERAL_NULL_CONVERSION = YES;
				CLANG_WARN_OBJC_IMPLICIT_RETAIN_SELF = YES;
				CLANG_WARN_OBJC_LITERAL_CONVERSION = YES;
				CLANG_WARN_OBJC_ROOT_CLASS = YES_ERROR;
				CLANG_WARN_RANGE_LOOP_ANALYSIS = YES;
				CLANG_WARN_STRICT_PROTOTYPES = YES;
				CLANG_WARN_SUSPICIOUS_MOVE = YES;
				CLANG_WARN_UNGUARDED_AVAILABILITY = YES_AGGRESSIVE;
				CLANG_WARN_UNREACHABLE_CODE = YES;
				CLANG_WARN__DUPLICATE_METHOD_MATCH = YES;
				CODE_SIGN_IDENTITY = "iPhone Developer";
				COPY_PHASE_STRIP = NO;
				DEBUG_INFORMATION_FORMAT = "dwarf-with-dsym";
				ENABLE_NS_ASSERTIONS = NO;
				ENABLE_STRICT_OBJC_MSGSEND = YES;
				GCC_C_LANGUAGE_STANDARD = gnu11;
				GCC_NO_COMMON_BLOCKS = YES;
				GCC_WARN_64_TO_32_BIT_CONVERSION = YES;
				GCC_WARN_ABOUT_RETURN_TYPE = YES_ERROR;
				GCC_WARN_UNDECLARED_SELECTOR = YES;
				GCC_WARN_UNINITIALIZED_AUTOS = YES_AGGRESSIVE;
				GCC_WARN_UNUSED_FUNCTION = YES;
				GCC_WARN_UNUSED_VARIABLE = YES;
				IPHONEOS_DEPLOYMENT_TARGET = 12.2;
				MTL_ENABLE_DEBUG_INFO = NO;
				MTL_FAST_MATH = YES;
				SDKROOT = iphoneos;
				SWIFT_COMPILATION_MODE = wholemodule;
				SWIFT_OPTIMIZATION_LEVEL = "-O";
				VALIDATE_PRODUCT = YES;
			};
			name = Release;
		};
		6C2BBC2C22D5EFBF00908EFC /* Debug */ = {
			isa = XCBuildConfiguration;
			buildSettings = {
				ASSETCATALOG_COMPILER_APPICON_NAME = AppIcon;
				CODE_SIGN_STYLE = Automatic;
				DEVELOPMENT_TEAM = KL3TMC97YB;
				INFOPLIST_FILE = ChangeIcon/Info.plist;
				IPHONEOS_DEPLOYMENT_TARGET = 11.0;
				LD_RUNPATH_SEARCH_PATHS = (
					"$(inherited)",
					"@executable_path/Frameworks",
				);
				PRODUCT_BUNDLE_IDENTIFIER = com.taoJiang.ChangeIcon;
				PRODUCT_NAME = "$(TARGET_NAME)";
				SWIFT_VERSION = 5.0;
				TARGETED_DEVICE_FAMILY = "1,2";
			};
			name = Debug;
		};
		6C2BBC2D22D5EFBF00908EFC /* Release */ = {
			isa = XCBuildConfiguration;
			buildSettings = {
				ASSETCATALOG_COMPILER_APPICON_NAME = AppIcon;
				CODE_SIGN_STYLE = Automatic;
				DEVELOPMENT_TEAM = KL3TMC97YB;
				INFOPLIST_FILE = ChangeIcon/Info.plist;
				IPHONEOS_DEPLOYMENT_TARGET = 11.0;
				LD_RUNPATH_SEARCH_PATHS = (
					"$(inherited)",
					"@executable_path/Frameworks",
				);
				PRODUCT_BUNDLE_IDENTIFIER = com.taoJiang.ChangeIcon;
				PRODUCT_NAME = "$(TARGET_NAME)";
				SWIFT_VERSION = 5.0;
				TARGETED_DEVICE_FAMILY = "1,2";
			};
			name = Release;
		};
/* End XCBuildConfiguration section */

/* Begin XCConfigurationList section */
		6C2BBC1422D5EFBE00908EFC /* Build configuration list for PBXProject "ChangeIcon" */ = {
			isa = XCConfigurationList;
			buildConfigurations = (
				6C2BBC2922D5EFBF00908EFC /* Debug */,
				6C2BBC2A22D5EFBF00908EFC /* Release */,
			);
			defaultConfigurationIsVisible = 0;
			defaultConfigurationName = Release;
		};
		6C2BBC2B22D5EFBF00908EFC /* Build configuration list for PBXNativeTarget "ChangeIcon" */ = {
			isa = XCConfigurationList;
			buildConfigurations = (
				6C2BBC2C22D5EFBF00908EFC /* Debug */,
				6C2BBC2D22D5EFBF00908EFC /* Release */,
			);
			defaultConfigurationIsVisible = 0;
			defaultConfigurationName = Release;
		};
/* End XCConfigurationList section */
	};
	rootObject = 6C2BBC1122D5EFBE00908EFC /* Project object */;
}
